
Microsoft Visual Studio Solution File, Format Version 12.00
# Visual Studio Version 17
VisualStudioVersion = 17.7.34202.233
MinimumVisualStudioVersion = 10.0.40219.1
Project("{FAE04EC0-301F-11D3-BF4B-00C04F79EFBC}") = "giaresy", "giaresy.csproj", "{EC6D7336-FB98-4C39-8897-6968A9E9560B}"
EndProject
Global
	GlobalSection(SolutionConfigurationPlatforms) = preSolution
		Debug|Any CPU = Debug|Any CPU
		Release|Any CPU = Release|Any CPU
	EndGlobalSection
	GlobalSection(ProjectConfigurationPlatforms) = postSolution
		{EC6D7336-FB98-4C39-8897-6968A9E9560B}.Debug|Any CPU.ActiveCfg = Debug|Any CPU
		{EC6D7336-FB98-4C39-8897-6968A9E9560B}.Debug|Any CPU.Build.0 = Debug|Any CPU
		{EC6D7336-FB98-4C39-8897-6968A9E9560B}.Release|Any CPU.ActiveCfg = Release|Any CPU
		{EC6D7336-FB98-4C39-8897-6968A9E9560B}.Release|Any CPU.Build.0 = Release|Any CPU
	EndGlobalSection
	GlobalSection(SolutionProperties) = preSolution
		HideSolutionNode = FALSE
	EndGlobalSection
	GlobalSection(ExtensibilityGlobals) = postSolution
		SolutionGuid = {D61D8817-CBC4-4A5B-BB18-064A70FE29CD}
	EndGlobalSection
EndGlobal
